
Microsoft Visual Studio Solution File, Format Version 12.00
# Visual Studio Version 17
VisualStudioVersion = 17.5.33516.290
MinimumVisualStudioVersion = 10.0.40219.1
Project("{FAE04EC0-301F-11D3-BF4B-00C04F79EFBC}") = "Armadillo", "Armadillo\Armadillo.csproj", "{DD1A7CD0-5C32-4CE8-99CC-9C64E3077CF6}"
EndProject
Global
	GlobalSection(SolutionConfigurationPlatforms) = preSolution
		Debug|Any CPU = Debug|Any CPU
		Release|Any CPU = Release|Any CPU
	EndGlobalSection
	GlobalSection(ProjectConfigurationPlatforms) = postSolution
		{DD1A7CD0-5C32-4CE8-99CC-9C64E3077CF6}.Debug|Any CPU.ActiveCfg = Debug|Any CPU
		{DD1A7CD0-5C32-4CE8-99CC-9C64E3077CF6}.Debug|Any CPU.Build.0 = Debug|Any CPU
		{DD1A7CD0-5C32-4CE8-99CC-9C64E3077CF6}.Release|Any CPU.ActiveCfg = Release|Any CPU
		{DD1A7CD0-5C32-4CE8-99CC-9C64E3077CF6}.Release|Any CPU.Build.0 = Release|Any CPU
	EndGlobalSection
	GlobalSection(SolutionProperties) = preSolution
		HideSolutionNode = FALSE
	EndGlobalSection
	GlobalSection(ExtensibilityGlobals) = postSolution
		SolutionGuid = {284DE2F1-B0BD-4373-A963-AC6F42655B41}
	EndGlobalSection
EndGlobal
